
Microsoft Visual Studio Solution File, Format Version 12.00
# Visual Studio Version 17
VisualStudioVersion = 17.9.34728.123
MinimumVisualStudioVersion = 10.0.40219.1
Project("{FAE04EC0-301F-11D3-BF4B-00C04F79EFBC}") = "P5_ExpressVoiture", "P5_ExpressVoiture\P5_ExpressVoiture.csproj", "{D897E5C9-CF33-4464-B3E5-5DD46C25BEF8}"
EndProject
Global
	GlobalSection(SolutionConfigurationPlatforms) = preSolution
		Debug|Any CPU = Debug|Any CPU
		Release|Any CPU = Release|Any CPU
	EndGlobalSection
	GlobalSection(ProjectConfigurationPlatforms) = postSolution
		{D897E5C9-CF33-4464-B3E5-5DD46C25BEF8}.Debug|Any CPU.ActiveCfg = Debug|Any CPU
		{D897E5C9-CF33-4464-B3E5-5DD46C25BEF8}.Debug|Any CPU.Build.0 = Debug|Any CPU
		{D897E5C9-CF33-4464-B3E5-5DD46C25BEF8}.Release|Any CPU.ActiveCfg = Release|Any CPU
		{D897E5C9-CF33-4464-B3E5-5DD46C25BEF8}.Release|Any CPU.Build.0 = Release|Any CPU
	EndGlobalSection
	GlobalSection(SolutionProperties) = preSolution
		HideSolutionNode = FALSE
	EndGlobalSection
	GlobalSection(ExtensibilityGlobals) = postSolution
		SolutionGuid = {F203DCE1-30B3-478A-BBAB-18CE22D1F0A3}
	EndGlobalSection
EndGlobal
